
Microsoft Visual Studio Solution File, Format Version 12.00
# Visual Studio Version 17
VisualStudioVersion = 17.3.32819.101
MinimumVisualStudioVersion = 10.0.40219.1
Project("{FAE04EC0-301F-11D3-BF4B-00C04F79EFBC}") = "BlogTask", "..\..\..\BlogTask\BlogTask.csproj", "{DEF1E1E8-6B6D-488C-8952-336D467B3ED1}"
EndProject
Global
	GlobalSection(SolutionConfigurationPlatforms) = preSolution
		Debug|Any CPU = Debug|Any CPU
		Release|Any CPU = Release|Any CPU
	EndGlobalSection
	GlobalSection(ProjectConfigurationPlatforms) = postSolution
		{DEF1E1E8-6B6D-488C-8952-336D467B3ED1}.Debug|Any CPU.ActiveCfg = Debug|Any CPU
		{DEF1E1E8-6B6D-488C-8952-336D467B3ED1}.Debug|Any CPU.Build.0 = Debug|Any CPU
		{DEF1E1E8-6B6D-488C-8952-336D467B3ED1}.Release|Any CPU.ActiveCfg = Release|Any CPU
		{DEF1E1E8-6B6D-488C-8952-336D467B3ED1}.Release|Any CPU.Build.0 = Release|Any CPU
	EndGlobalSection
	GlobalSection(SolutionProperties) = preSolution
		HideSolutionNode = FALSE
	EndGlobalSection
	GlobalSection(ExtensibilityGlobals) = postSolution
		SolutionGuid = {E02D496E-6A62-4C2F-845D-19497654B571}
	EndGlobalSection
EndGlobal
