
Microsoft Visual Studio Solution File, Format Version 12.00
# Visual Studio Version 17
VisualStudioVersion = 17.2.32630.192
MinimumVisualStudioVersion = 10.0.40219.1
Project("{9A19103F-16F7-4668-BE54-9A1E7A4F7556}") = "BlogWeb", "BlogWeb\BlogWeb.csproj", "{228223D1-DDB6-4260-ACAA-DED176681B4C}"
EndProject
Project("{9A19103F-16F7-4668-BE54-9A1E7A4F7556}") = "DomainLayer", "Domain\DomainLayer.csproj", "{BFD820B2-F8E6-4363-96A3-5EAE65439AD3}"
EndProject
Project("{9A19103F-16F7-4668-BE54-9A1E7A4F7556}") = "ApplicationRepositoryLayer", "Application\ApplicationRepositoryLayer.csproj", "{7BE6CBCD-B1CB-4F81-85CF-469C7F4CC5E7}"
EndProject
Project("{9A19103F-16F7-4668-BE54-9A1E7A4F7556}") = "InfastructureServiceLayer", "Infastructure\InfastructureServiceLayer.csproj", "{BB5F94B5-C0F1-4B65-A74C-E077AA30C719}"
EndProject
Project("{9A19103F-16F7-4668-BE54-9A1E7A4F7556}") = "Presentation", "Presentation\Presentation.csproj", "{BA0BC4B5-90AD-493E-AF1F-CE18B80C793F}"
EndProject
Global
	GlobalSection(SolutionConfigurationPlatforms) = preSolution
		Debug|Any CPU = Debug|Any CPU
		Release|Any CPU = Release|Any CPU
	EndGlobalSection
	GlobalSection(ProjectConfigurationPlatforms) = postSolution
		{228223D1-DDB6-4260-ACAA-DED176681B4C}.Debug|Any CPU.ActiveCfg = Debug|Any CPU
		{228223D1-DDB6-4260-ACAA-DED176681B4C}.Debug|Any CPU.Build.0 = Debug|Any CPU
		{228223D1-DDB6-4260-ACAA-DED176681B4C}.Release|Any CPU.ActiveCfg = Release|Any CPU
		{228223D1-DDB6-4260-ACAA-DED176681B4C}.Release|Any CPU.Build.0 = Release|Any CPU
		{BFD820B2-F8E6-4363-96A3-5EAE65439AD3}.Debug|Any CPU.ActiveCfg = Debug|Any CPU
		{BFD820B2-F8E6-4363-96A3-5EAE65439AD3}.Debug|Any CPU.Build.0 = Debug|Any CPU
		{BFD820B2-F8E6-4363-96A3-5EAE65439AD3}.Release|Any CPU.ActiveCfg = Release|Any CPU
		{BFD820B2-F8E6-4363-96A3-5EAE65439AD3}.Release|Any CPU.Build.0 = Release|Any CPU
		{7BE6CBCD-B1CB-4F81-85CF-469C7F4CC5E7}.Debug|Any CPU.ActiveCfg = Debug|Any CPU
		{7BE6CBCD-B1CB-4F81-85CF-469C7F4CC5E7}.Debug|Any CPU.Build.0 = Debug|Any CPU
		{7BE6CBCD-B1CB-4F81-85CF-469C7F4CC5E7}.Release|Any CPU.ActiveCfg = Release|Any CPU
		{7BE6CBCD-B1CB-4F81-85CF-469C7F4CC5E7}.Release|Any CPU.Build.0 = Release|Any CPU
		{BB5F94B5-C0F1-4B65-A74C-E077AA30C719}.Debug|Any CPU.ActiveCfg = Debug|Any CPU
		{BB5F94B5-C0F1-4B65-A74C-E077AA30C719}.Debug|Any CPU.Build.0 = Debug|Any CPU
		{BB5F94B5-C0F1-4B65-A74C-E077AA30C719}.Release|Any CPU.ActiveCfg = Release|Any CPU
		{BB5F94B5-C0F1-4B65-A74C-E077AA30C719}.Release|Any CPU.Build.0 = Release|Any CPU
		{BA0BC4B5-90AD-493E-AF1F-CE18B80C793F}.Debug|Any CPU.ActiveCfg = Debug|Any CPU
		{BA0BC4B5-90AD-493E-AF1F-CE18B80C793F}.Debug|Any CPU.Build.0 = Debug|Any CPU
		{BA0BC4B5-90AD-493E-AF1F-CE18B80C793F}.Release|Any CPU.ActiveCfg = Release|Any CPU
		{BA0BC4B5-90AD-493E-AF1F-CE18B80C793F}.Release|Any CPU.Build.0 = Release|Any CPU
	EndGlobalSection
	GlobalSection(SolutionProperties) = preSolution
		HideSolutionNode = FALSE
	EndGlobalSection
	GlobalSection(ExtensibilityGlobals) = postSolution
		SolutionGuid = {B42DC60F-E468-4ACB-B7AC-DAAE5BEADA4B}
	EndGlobalSection
EndGlobal
