
Microsoft Visual Studio Solution File, Format Version 12.00
# Visual Studio Version 17
VisualStudioVersion = 17.2.32630.192
MinimumVisualStudioVersion = 10.0.40219.1
Project("{FAE04EC0-301F-11D3-BF4B-00C04F79EFBC}") = "Book.Data", "Book.Data\Book.Data.csproj", "{EC237ABA-9BB2-4ECB-8418-D54BE7D9E91C}"
EndProject
Project("{FAE04EC0-301F-11D3-BF4B-00C04F79EFBC}") = "BookApp", "BookApp\BookApp.csproj", "{B0A43089-9F1A-4433-9E49-08FC364F8F0B}"
EndProject
Global
	GlobalSection(SolutionConfigurationPlatforms) = preSolution
		Debug|Any CPU = Debug|Any CPU
		Release|Any CPU = Release|Any CPU
	EndGlobalSection
	GlobalSection(ProjectConfigurationPlatforms) = postSolution
		{EC237ABA-9BB2-4ECB-8418-D54BE7D9E91C}.Debug|Any CPU.ActiveCfg = Debug|Any CPU
		{EC237ABA-9BB2-4ECB-8418-D54BE7D9E91C}.Debug|Any CPU.Build.0 = Debug|Any CPU
		{EC237ABA-9BB2-4ECB-8418-D54BE7D9E91C}.Release|Any CPU.ActiveCfg = Release|Any CPU
		{EC237ABA-9BB2-4ECB-8418-D54BE7D9E91C}.Release|Any CPU.Build.0 = Release|Any CPU
		{B0A43089-9F1A-4433-9E49-08FC364F8F0B}.Debug|Any CPU.ActiveCfg = Debug|Any CPU
		{B0A43089-9F1A-4433-9E49-08FC364F8F0B}.Debug|Any CPU.Build.0 = Debug|Any CPU
		{B0A43089-9F1A-4433-9E49-08FC364F8F0B}.Release|Any CPU.ActiveCfg = Release|Any CPU
		{B0A43089-9F1A-4433-9E49-08FC364F8F0B}.Release|Any CPU.Build.0 = Release|Any CPU
	EndGlobalSection
	GlobalSection(SolutionProperties) = preSolution
		HideSolutionNode = FALSE
	EndGlobalSection
	GlobalSection(ExtensibilityGlobals) = postSolution
		SolutionGuid = {2E85277E-C4C0-4EC7-91E1-6581232D2C0A}
	EndGlobalSection
EndGlobal
