
Microsoft Visual Studio Solution File, Format Version 12.00
# Visual Studio Version 17
VisualStudioVersion = 17.3.32804.467
MinimumVisualStudioVersion = 10.0.40219.1
Project("{9A19103F-16F7-4668-BE54-9A1E7A4F7556}") = "OA.DataAccess", "OA.DataAccess\OA.DataAccess.csproj", "{E2EF728D-CC2F-4073-AB5F-338579FB0CD9}"
EndProject
Project("{9A19103F-16F7-4668-BE54-9A1E7A4F7556}") = "OA.Repository", "OA.Repository\OA.Repository.csproj", "{E5BCB41C-C51D-49C5-9158-F6E11DFE63CE}"
EndProject
Project("{9A19103F-16F7-4668-BE54-9A1E7A4F7556}") = "OA.Service", "OA.Service\OA.Service.csproj", "{2BBDF94F-7C23-4015-BEF7-8F283368D008}"
EndProject
Project("{FAE04EC0-301F-11D3-BF4B-00C04F79EFBC}") = "OA.UI", "OA.UI\OA.UI.csproj", "{28DA1427-9C07-437D-819B-ED92B0A2E047}"
EndProject
Global
	GlobalSection(SolutionConfigurationPlatforms) = preSolution
		Debug|Any CPU = Debug|Any CPU
		Release|Any CPU = Release|Any CPU
	EndGlobalSection
	GlobalSection(ProjectConfigurationPlatforms) = postSolution
		{E2EF728D-CC2F-4073-AB5F-338579FB0CD9}.Debug|Any CPU.ActiveCfg = Debug|Any CPU
		{E2EF728D-CC2F-4073-AB5F-338579FB0CD9}.Debug|Any CPU.Build.0 = Debug|Any CPU
		{E2EF728D-CC2F-4073-AB5F-338579FB0CD9}.Release|Any CPU.ActiveCfg = Release|Any CPU
		{E2EF728D-CC2F-4073-AB5F-338579FB0CD9}.Release|Any CPU.Build.0 = Release|Any CPU
		{E5BCB41C-C51D-49C5-9158-F6E11DFE63CE}.Debug|Any CPU.ActiveCfg = Debug|Any CPU
		{E5BCB41C-C51D-49C5-9158-F6E11DFE63CE}.Debug|Any CPU.Build.0 = Debug|Any CPU
		{E5BCB41C-C51D-49C5-9158-F6E11DFE63CE}.Release|Any CPU.ActiveCfg = Release|Any CPU
		{E5BCB41C-C51D-49C5-9158-F6E11DFE63CE}.Release|Any CPU.Build.0 = Release|Any CPU
		{2BBDF94F-7C23-4015-BEF7-8F283368D008}.Debug|Any CPU.ActiveCfg = Debug|Any CPU
		{2BBDF94F-7C23-4015-BEF7-8F283368D008}.Debug|Any CPU.Build.0 = Debug|Any CPU
		{2BBDF94F-7C23-4015-BEF7-8F283368D008}.Release|Any CPU.ActiveCfg = Release|Any CPU
		{2BBDF94F-7C23-4015-BEF7-8F283368D008}.Release|Any CPU.Build.0 = Release|Any CPU
		{28DA1427-9C07-437D-819B-ED92B0A2E047}.Debug|Any CPU.ActiveCfg = Debug|Any CPU
		{28DA1427-9C07-437D-819B-ED92B0A2E047}.Debug|Any CPU.Build.0 = Debug|Any CPU
		{28DA1427-9C07-437D-819B-ED92B0A2E047}.Release|Any CPU.ActiveCfg = Release|Any CPU
		{28DA1427-9C07-437D-819B-ED92B0A2E047}.Release|Any CPU.Build.0 = Release|Any CPU
	EndGlobalSection
	GlobalSection(SolutionProperties) = preSolution
		HideSolutionNode = FALSE
	EndGlobalSection
	GlobalSection(ExtensibilityGlobals) = postSolution
		SolutionGuid = {2AD0DC6F-31F1-4793-A7D0-3D7008FDBDD1}
	EndGlobalSection
EndGlobal
