<<<<<<< HEAD
<<<<<<< HEAD:OkpalaOlisaemeka/OkpalaOlisaemeka.sln
﻿
Microsoft Visual Studio Solution File, Format Version 12.00
# Visual Studio Version 17
VisualStudioVersion = 17.2.32630.192
MinimumVisualStudioVersion = 10.0.40219.1
Project("{2150E333-8FDC-42A3-9474-1A3956D46DE8}") = "First Project", "First Project", "{DC9B4138-7B6B-4C6C-A1DA-AFE889C47611}"
EndProject
Project("{FAE04EC0-301F-11D3-BF4B-00C04F79EFBC}") = "ProductsCRUDAPI", "ProductsCRUDAPI\ProductsCRUDAPI.csproj", "{275A7454-EE7E-4422-8DAA-2249694B3DC3}"
EndProject
Project("{2150E333-8FDC-42A3-9474-1A3956D46DE8}") = "Second Project", "Second Project", "{7803A2A0-D50F-42A1-93B6-CA629682A5CE}"
EndProject
Global
	GlobalSection(SolutionConfigurationPlatforms) = preSolution
		Debug|Any CPU = Debug|Any CPU
		Release|Any CPU = Release|Any CPU
	EndGlobalSection
	GlobalSection(ProjectConfigurationPlatforms) = postSolution
		{275A7454-EE7E-4422-8DAA-2249694B3DC3}.Debug|Any CPU.ActiveCfg = Debug|Any CPU
		{275A7454-EE7E-4422-8DAA-2249694B3DC3}.Debug|Any CPU.Build.0 = Debug|Any CPU
		{275A7454-EE7E-4422-8DAA-2249694B3DC3}.Release|Any CPU.ActiveCfg = Release|Any CPU
		{275A7454-EE7E-4422-8DAA-2249694B3DC3}.Release|Any CPU.Build.0 = Release|Any CPU
	EndGlobalSection
	GlobalSection(SolutionProperties) = preSolution
		HideSolutionNode = FALSE
	EndGlobalSection
	GlobalSection(NestedProjects) = preSolution
		{275A7454-EE7E-4422-8DAA-2249694B3DC3} = {DC9B4138-7B6B-4C6C-A1DA-AFE889C47611}
	EndGlobalSection
	GlobalSection(ExtensibilityGlobals) = postSolution
		SolutionGuid = {70D18B83-AF39-48F5-BA2F-99C703B1CAD5}
	EndGlobalSection
EndGlobal
=======
=======
>>>>>>> 42d07f28588ba7797d8b3f15d3000dfdf941f211
﻿
Microsoft Visual Studio Solution File, Format Version 12.00
# Visual Studio Version 16
VisualStudioVersion = 16.0.30114.105
MinimumVisualStudioVersion = 10.0.40219.1
Global
	GlobalSection(SolutionConfigurationPlatforms) = preSolution
		Debug|Any CPU = Debug|Any CPU
		Release|Any CPU = Release|Any CPU
	EndGlobalSection
	GlobalSection(SolutionProperties) = preSolution
		HideSolutionNode = FALSE
	EndGlobalSection
EndGlobal
<<<<<<< HEAD
>>>>>>> 42d07f28588ba7797d8b3f15d3000dfdf941f211:ASP.NET/ASP.NET.sln
=======
>>>>>>> 42d07f28588ba7797d8b3f15d3000dfdf941f211
