<<<<<<< HEAD
<<<<<<< HEAD:OkpalaOlisaemeka/OkpalaOlisaemeka.sln
﻿
Microsoft Visual Studio Solution File, Format Version 12.00
# Visual Studio Version 17
VisualStudioVersion = 17.2.32630.192
MinimumVisualStudioVersion = 10.0.40219.1
Project("{2150E333-8FDC-42A3-9474-1A3956D46DE8}") = "First Project", "First Project", "{DC9B4138-7B6B-4C6C-A1DA-AFE889C47611}"
EndProject
Project("{FAE04EC0-301F-11D3-BF4B-00C04F79EFBC}") = "ProductsCRUDAPI", "ProductsCRUDAPI\ProductsCRUDAPI.csproj", "{275A7454-EE7E-4422-8DAA-2249694B3DC3}"
EndProject
Project("{2150E333-8FDC-42A3-9474-1A3956D46DE8}") = "Second Project", "Second Project", "{7803A2A0-D50F-42A1-93B6-CA629682A5CE}"
EndProject
Global
	GlobalSection(SolutionConfigurationPlatforms) = preSolution
		Debug|Any CPU = Debug|Any CPU
		Release|Any CPU = Release|Any CPU
	EndGlobalSection
	GlobalSection(ProjectConfigurationPlatforms) = postSolution
		{275A7454-EE7E-4422-8DAA-2249694B3DC3}.Debug|Any CPU.ActiveCfg = Debug|Any CPU
		{275A7454-EE7E-4422-8DAA-2249694B3DC3}.Debug|Any CPU.Build.0 = Debug|Any CPU
		{275A7454-EE7E-4422-8DAA-2249694B3DC3}.Release|Any CPU.ActiveCfg = Release|Any CPU
		{275A7454-EE7E-4422-8DAA-2249694B3DC3}.Release|Any CPU.Build.0 = Release|Any CPU
	EndGlobalSection
	GlobalSection(SolutionProperties) = preSolution
		HideSolutionNode = FALSE
	EndGlobalSection
	GlobalSection(NestedProjects) = preSolution
		{275A7454-EE7E-4422-8DAA-2249694B3DC3} = {DC9B4138-7B6B-4C6C-A1DA-AFE889C47611}
	EndGlobalSection
	GlobalSection(ExtensibilityGlobals) = postSolution
		SolutionGuid = {70D18B83-AF39-48F5-BA2F-99C703B1CAD5}
	EndGlobalSection
EndGlobal
=======
=======
>>>>>>> 42d07f28588ba7797d8b3f15d3000dfdf941f211
﻿
Microsoft Visual Studio Solution File, Format Version 12.00
# Visual Studio Version 17
VisualStudioVersion = 17.2.32630.192
MinimumVisualStudioVersion = 10.0.40219.1
Project("{FAE04EC0-301F-11D3-BF4B-00C04F79EFBC}") = "firstProject", "..\AdelabuAderonke\firstProject\firstProject.csproj", "{E407DCDB-6B2A-4A77-87B2-C8917F7200C8}"
EndProject
Project("{9A19103F-16F7-4668-BE54-9A1E7A4F7556}") = "TvShowApp", "..\..\TvShowApp\TvShowApp\TvShowApp.csproj", "{ED4AD5DC-1B1A-4B65-BCE5-B0E74EEFED34}"
EndProject
Global
	GlobalSection(SolutionConfigurationPlatforms) = preSolution
		Debug|Any CPU = Debug|Any CPU
		Release|Any CPU = Release|Any CPU
	EndGlobalSection
	GlobalSection(ProjectConfigurationPlatforms) = postSolution
		{E407DCDB-6B2A-4A77-87B2-C8917F7200C8}.Debug|Any CPU.ActiveCfg = Debug|Any CPU
		{E407DCDB-6B2A-4A77-87B2-C8917F7200C8}.Debug|Any CPU.Build.0 = Debug|Any CPU
		{E407DCDB-6B2A-4A77-87B2-C8917F7200C8}.Release|Any CPU.ActiveCfg = Release|Any CPU
		{E407DCDB-6B2A-4A77-87B2-C8917F7200C8}.Release|Any CPU.Build.0 = Release|Any CPU
		{ED4AD5DC-1B1A-4B65-BCE5-B0E74EEFED34}.Debug|Any CPU.ActiveCfg = Debug|Any CPU
		{ED4AD5DC-1B1A-4B65-BCE5-B0E74EEFED34}.Debug|Any CPU.Build.0 = Debug|Any CPU
		{ED4AD5DC-1B1A-4B65-BCE5-B0E74EEFED34}.Release|Any CPU.ActiveCfg = Release|Any CPU
		{ED4AD5DC-1B1A-4B65-BCE5-B0E74EEFED34}.Release|Any CPU.Build.0 = Release|Any CPU
	EndGlobalSection
	GlobalSection(SolutionProperties) = preSolution
		HideSolutionNode = FALSE
	EndGlobalSection
	GlobalSection(ExtensibilityGlobals) = postSolution
		SolutionGuid = {C9926F58-A017-4EF5-A8C7-69FFD7815F3A}
	EndGlobalSection
EndGlobal
<<<<<<< HEAD
>>>>>>> 42d07f28588ba7797d8b3f15d3000dfdf941f211:ASP.NET/ASP.NET.sln
=======
>>>>>>> 42d07f28588ba7797d8b3f15d3000dfdf941f211
