
Microsoft Visual Studio Solution File, Format Version 12.00
# Visual Studio Version 17
VisualStudioVersion = 17.2.32526.322
MinimumVisualStudioVersion = 10.0.40219.1
Project("{FAE04EC0-301F-11D3-BF4B-00C04F79EFBC}") = "ProductsCRUDAPI", "ProductsCRUDAPI\ProductsCRUDAPI.csproj", "{8A7E16D8-18A1-4F8E-8D32-CA9035B09F6B}"
EndProject
Global
	GlobalSection(SolutionConfigurationPlatforms) = preSolution
		Debug|Any CPU = Debug|Any CPU
		Release|Any CPU = Release|Any CPU
	EndGlobalSection
	GlobalSection(ProjectConfigurationPlatforms) = postSolution
		{8A7E16D8-18A1-4F8E-8D32-CA9035B09F6B}.Debug|Any CPU.ActiveCfg = Debug|Any CPU
		{8A7E16D8-18A1-4F8E-8D32-CA9035B09F6B}.Debug|Any CPU.Build.0 = Debug|Any CPU
		{8A7E16D8-18A1-4F8E-8D32-CA9035B09F6B}.Release|Any CPU.ActiveCfg = Release|Any CPU
		{8A7E16D8-18A1-4F8E-8D32-CA9035B09F6B}.Release|Any CPU.Build.0 = Release|Any CPU
	EndGlobalSection
	GlobalSection(SolutionProperties) = preSolution
		HideSolutionNode = FALSE
	EndGlobalSection
	GlobalSection(ExtensibilityGlobals) = postSolution
		SolutionGuid = {DE49D262-C05E-49BE-8EA5-9F49BD6342D7}
	EndGlobalSection
EndGlobal
