
Microsoft Visual Studio Solution File, Format Version 12.00
# Visual Studio Version 17
VisualStudioVersion = 17.2.32630.192
MinimumVisualStudioVersion = 10.0.40219.1
Project("{FAE04EC0-301F-11D3-BF4B-00C04F79EFBC}") = "MakingHttpRequests", "MakingHttpRequests\MakingHttpRequests.csproj", "{492A5CDB-5C54-45A6-9A2D-C2537C32A650}"
EndProject
Global
	GlobalSection(SolutionConfigurationPlatforms) = preSolution
		Debug|Any CPU = Debug|Any CPU
		Release|Any CPU = Release|Any CPU
	EndGlobalSection
	GlobalSection(ProjectConfigurationPlatforms) = postSolution
		{492A5CDB-5C54-45A6-9A2D-C2537C32A650}.Debug|Any CPU.ActiveCfg = Debug|Any CPU
		{492A5CDB-5C54-45A6-9A2D-C2537C32A650}.Debug|Any CPU.Build.0 = Debug|Any CPU
		{492A5CDB-5C54-45A6-9A2D-C2537C32A650}.Release|Any CPU.ActiveCfg = Release|Any CPU
		{492A5CDB-5C54-45A6-9A2D-C2537C32A650}.Release|Any CPU.Build.0 = Release|Any CPU
	EndGlobalSection
	GlobalSection(SolutionProperties) = preSolution
		HideSolutionNode = FALSE
	EndGlobalSection
	GlobalSection(ExtensibilityGlobals) = postSolution
		SolutionGuid = {4290F433-7485-416D-9A57-22538744F4B2}
	EndGlobalSection
EndGlobal
