
Microsoft Visual Studio Solution File, Format Version 12.00
# Visual Studio Version 17
VisualStudioVersion = 17.2.32630.192
MinimumVisualStudioVersion = 10.0.40219.1
Project("{FAE04EC0-301F-11D3-BF4B-00C04F79EFBC}") = "BlogApp", "BlogApp\BlogApp.csproj", "{3E36A3ED-CF2D-4928-9B50-2C9991C054BB}"
EndProject
Project("{FAE04EC0-301F-11D3-BF4B-00C04F79EFBC}") = "DomainLayer", "DomainLayer\DomainLayer.csproj", "{CC409305-8E1B-4AEC-9B63-997EA7866775}"
EndProject
Project("{FAE04EC0-301F-11D3-BF4B-00C04F79EFBC}") = "ApplicationLayer", "ApplicationLayer\ApplicationLayer.csproj", "{BAFA9868-C288-4A44-A2F4-2B03D9754F11}"
EndProject
Project("{FAE04EC0-301F-11D3-BF4B-00C04F79EFBC}") = "InfrastructureLayer", "InfrastructureLayer\InfrastructureLayer.csproj", "{BDEDBB0C-AE21-413D-9C6C-5E2EB36E6440}"
EndProject
Project("{FAE04EC0-301F-11D3-BF4B-00C04F79EFBC}") = "Presentation", "Presentation\Presentation.csproj", "{8685B12A-1813-4965-8893-A470788C9401}"
EndProject
Global
	GlobalSection(SolutionConfigurationPlatforms) = preSolution
		Debug|Any CPU = Debug|Any CPU
		Release|Any CPU = Release|Any CPU
	EndGlobalSection
	GlobalSection(ProjectConfigurationPlatforms) = postSolution
		{3E36A3ED-CF2D-4928-9B50-2C9991C054BB}.Debug|Any CPU.ActiveCfg = Debug|Any CPU
		{3E36A3ED-CF2D-4928-9B50-2C9991C054BB}.Debug|Any CPU.Build.0 = Debug|Any CPU
		{3E36A3ED-CF2D-4928-9B50-2C9991C054BB}.Release|Any CPU.ActiveCfg = Release|Any CPU
		{3E36A3ED-CF2D-4928-9B50-2C9991C054BB}.Release|Any CPU.Build.0 = Release|Any CPU
		{CC409305-8E1B-4AEC-9B63-997EA7866775}.Debug|Any CPU.ActiveCfg = Debug|Any CPU
		{CC409305-8E1B-4AEC-9B63-997EA7866775}.Debug|Any CPU.Build.0 = Debug|Any CPU
		{CC409305-8E1B-4AEC-9B63-997EA7866775}.Release|Any CPU.ActiveCfg = Release|Any CPU
		{CC409305-8E1B-4AEC-9B63-997EA7866775}.Release|Any CPU.Build.0 = Release|Any CPU
		{BAFA9868-C288-4A44-A2F4-2B03D9754F11}.Debug|Any CPU.ActiveCfg = Debug|Any CPU
		{BAFA9868-C288-4A44-A2F4-2B03D9754F11}.Debug|Any CPU.Build.0 = Debug|Any CPU
		{BAFA9868-C288-4A44-A2F4-2B03D9754F11}.Release|Any CPU.ActiveCfg = Release|Any CPU
		{BAFA9868-C288-4A44-A2F4-2B03D9754F11}.Release|Any CPU.Build.0 = Release|Any CPU
		{BDEDBB0C-AE21-413D-9C6C-5E2EB36E6440}.Debug|Any CPU.ActiveCfg = Debug|Any CPU
		{BDEDBB0C-AE21-413D-9C6C-5E2EB36E6440}.Debug|Any CPU.Build.0 = Debug|Any CPU
		{BDEDBB0C-AE21-413D-9C6C-5E2EB36E6440}.Release|Any CPU.ActiveCfg = Release|Any CPU
		{BDEDBB0C-AE21-413D-9C6C-5E2EB36E6440}.Release|Any CPU.Build.0 = Release|Any CPU
		{8685B12A-1813-4965-8893-A470788C9401}.Debug|Any CPU.ActiveCfg = Debug|Any CPU
		{8685B12A-1813-4965-8893-A470788C9401}.Debug|Any CPU.Build.0 = Debug|Any CPU
		{8685B12A-1813-4965-8893-A470788C9401}.Release|Any CPU.ActiveCfg = Release|Any CPU
		{8685B12A-1813-4965-8893-A470788C9401}.Release|Any CPU.Build.0 = Release|Any CPU
	EndGlobalSection
	GlobalSection(SolutionProperties) = preSolution
		HideSolutionNode = FALSE
	EndGlobalSection
	GlobalSection(ExtensibilityGlobals) = postSolution
		SolutionGuid = {5397FBDA-E7B0-4C4B-A92F-910C22278CC5}
	EndGlobalSection
EndGlobal
