
Microsoft Visual Studio Solution File, Format Version 12.00
# Visual Studio Version 17
VisualStudioVersion = 17.2.32630.192
MinimumVisualStudioVersion = 10.0.40219.1
Project("{FAE04EC0-301F-11D3-BF4B-00C04F79EFBC}") = "OA_DataAccess", "OA_DataAccess\OA_DataAccess.csproj", "{752B1CD1-961B-4B40-AA43-E96F83BCBF3D}"
EndProject
Project("{FAE04EC0-301F-11D3-BF4B-00C04F79EFBC}") = "OA_Repository", "OA_Repository\OA_Repository.csproj", "{38EBAD02-59A8-4CE8-B269-6CFEEEC2CDBA}"
EndProject
Project("{FAE04EC0-301F-11D3-BF4B-00C04F79EFBC}") = "OA_Service", "OA_Service\OA_Service.csproj", "{AE07825B-46CA-44E5-AEDB-F23658063886}"
EndProject
Project("{FAE04EC0-301F-11D3-BF4B-00C04F79EFBC}") = "OA_WebAPI", "OA_WebAPI\OA_WebAPI.csproj", "{6DE2B04E-0871-4B85-867F-3841710247EF}"
EndProject
Global
	GlobalSection(SolutionConfigurationPlatforms) = preSolution
		Debug|Any CPU = Debug|Any CPU
		Release|Any CPU = Release|Any CPU
	EndGlobalSection
	GlobalSection(ProjectConfigurationPlatforms) = postSolution
		{752B1CD1-961B-4B40-AA43-E96F83BCBF3D}.Debug|Any CPU.ActiveCfg = Debug|Any CPU
		{752B1CD1-961B-4B40-AA43-E96F83BCBF3D}.Debug|Any CPU.Build.0 = Debug|Any CPU
		{752B1CD1-961B-4B40-AA43-E96F83BCBF3D}.Release|Any CPU.ActiveCfg = Release|Any CPU
		{752B1CD1-961B-4B40-AA43-E96F83BCBF3D}.Release|Any CPU.Build.0 = Release|Any CPU
		{38EBAD02-59A8-4CE8-B269-6CFEEEC2CDBA}.Debug|Any CPU.ActiveCfg = Debug|Any CPU
		{38EBAD02-59A8-4CE8-B269-6CFEEEC2CDBA}.Debug|Any CPU.Build.0 = Debug|Any CPU
		{38EBAD02-59A8-4CE8-B269-6CFEEEC2CDBA}.Release|Any CPU.ActiveCfg = Release|Any CPU
		{38EBAD02-59A8-4CE8-B269-6CFEEEC2CDBA}.Release|Any CPU.Build.0 = Release|Any CPU
		{AE07825B-46CA-44E5-AEDB-F23658063886}.Debug|Any CPU.ActiveCfg = Debug|Any CPU
		{AE07825B-46CA-44E5-AEDB-F23658063886}.Debug|Any CPU.Build.0 = Debug|Any CPU
		{AE07825B-46CA-44E5-AEDB-F23658063886}.Release|Any CPU.ActiveCfg = Release|Any CPU
		{AE07825B-46CA-44E5-AEDB-F23658063886}.Release|Any CPU.Build.0 = Release|Any CPU
		{6DE2B04E-0871-4B85-867F-3841710247EF}.Debug|Any CPU.ActiveCfg = Debug|Any CPU
		{6DE2B04E-0871-4B85-867F-3841710247EF}.Debug|Any CPU.Build.0 = Debug|Any CPU
		{6DE2B04E-0871-4B85-867F-3841710247EF}.Release|Any CPU.ActiveCfg = Release|Any CPU
		{6DE2B04E-0871-4B85-867F-3841710247EF}.Release|Any CPU.Build.0 = Release|Any CPU
	EndGlobalSection
	GlobalSection(SolutionProperties) = preSolution
		HideSolutionNode = FALSE
	EndGlobalSection
	GlobalSection(ExtensibilityGlobals) = postSolution
		SolutionGuid = {2275E2B6-501C-4531-885C-8CCBC8E5BFDF}
	EndGlobalSection
EndGlobal
