
Microsoft Visual Studio Solution File, Format Version 12.00
# Visual Studio Version 17
VisualStudioVersion = 17.2.32630.192
MinimumVisualStudioVersion = 10.0.40219.1
Project("{FAE04EC0-301F-11D3-BF4B-00C04F79EFBC}") = "WebApi", "WebApi.csproj", "{10583035-27A2-4E6B-893D-AC981BD1705E}"
EndProject
Global
	GlobalSection(SolutionConfigurationPlatforms) = preSolution
		Debug|Any CPU = Debug|Any CPU
		Release|Any CPU = Release|Any CPU
	EndGlobalSection
	GlobalSection(ProjectConfigurationPlatforms) = postSolution
		{10583035-27A2-4E6B-893D-AC981BD1705E}.Debug|Any CPU.ActiveCfg = Debug|Any CPU
		{10583035-27A2-4E6B-893D-AC981BD1705E}.Debug|Any CPU.Build.0 = Debug|Any CPU
		{10583035-27A2-4E6B-893D-AC981BD1705E}.Release|Any CPU.ActiveCfg = Release|Any CPU
		{10583035-27A2-4E6B-893D-AC981BD1705E}.Release|Any CPU.Build.0 = Release|Any CPU
	EndGlobalSection
	GlobalSection(SolutionProperties) = preSolution
		HideSolutionNode = FALSE
	EndGlobalSection
	GlobalSection(ExtensibilityGlobals) = postSolution
		SolutionGuid = {0C4ABAE5-F4EB-463E-AB81-11484C4D22C6}
	EndGlobalSection
EndGlobal
