
Microsoft Visual Studio Solution File, Format Version 12.00
# Visual Studio Version 16
VisualStudioVersion = 16.0.32602.291
MinimumVisualStudioVersion = 10.0.40219.1
Project("{FAE04EC0-301F-11D3-BF4B-00C04F79EFBC}") = "CrudAPI.SQL", "CrudAPI.SQL\CrudAPI.SQL.csproj", "{15B8DC3D-2DBE-4EA4-A12D-9C4A10BA4654}"
EndProject
Global
	GlobalSection(SolutionConfigurationPlatforms) = preSolution
		Debug|Any CPU = Debug|Any CPU
		Release|Any CPU = Release|Any CPU
	EndGlobalSection
	GlobalSection(ProjectConfigurationPlatforms) = postSolution
		{15B8DC3D-2DBE-4EA4-A12D-9C4A10BA4654}.Debug|Any CPU.ActiveCfg = Debug|Any CPU
		{15B8DC3D-2DBE-4EA4-A12D-9C4A10BA4654}.Debug|Any CPU.Build.0 = Debug|Any CPU
		{15B8DC3D-2DBE-4EA4-A12D-9C4A10BA4654}.Release|Any CPU.ActiveCfg = Release|Any CPU
		{15B8DC3D-2DBE-4EA4-A12D-9C4A10BA4654}.Release|Any CPU.Build.0 = Release|Any CPU
	EndGlobalSection
	GlobalSection(SolutionProperties) = preSolution
		HideSolutionNode = FALSE
	EndGlobalSection
	GlobalSection(ExtensibilityGlobals) = postSolution
		SolutionGuid = {DD7B83E0-EE5D-47FF-9A3C-31AA1E02F2A3}
	EndGlobalSection
EndGlobal
