
Microsoft Visual Studio Solution File, Format Version 12.00
# Visual Studio Version 17
VisualStudioVersion = 17.3.32819.101
MinimumVisualStudioVersion = 10.0.40219.1
Project("{FAE04EC0-301F-11D3-BF4B-00C04F79EFBC}") = "Gr.Data", "Gr.Data\Gr.Data.csproj", "{60734282-B969-4FE5-BD5D-1A071A8187E1}"
EndProject
Project("{FAE04EC0-301F-11D3-BF4B-00C04F79EFBC}") = "Gr.Web", "Gr.Web\Gr.Web.csproj", "{20EE03B8-D406-4B0D-A333-CD5BFE715B2D}"
EndProject
Global
	GlobalSection(SolutionConfigurationPlatforms) = preSolution
		Debug|Any CPU = Debug|Any CPU
		Release|Any CPU = Release|Any CPU
	EndGlobalSection
	GlobalSection(ProjectConfigurationPlatforms) = postSolution
		{60734282-B969-4FE5-BD5D-1A071A8187E1}.Debug|Any CPU.ActiveCfg = Debug|Any CPU
		{60734282-B969-4FE5-BD5D-1A071A8187E1}.Debug|Any CPU.Build.0 = Debug|Any CPU
		{60734282-B969-4FE5-BD5D-1A071A8187E1}.Release|Any CPU.ActiveCfg = Release|Any CPU
		{60734282-B969-4FE5-BD5D-1A071A8187E1}.Release|Any CPU.Build.0 = Release|Any CPU
		{20EE03B8-D406-4B0D-A333-CD5BFE715B2D}.Debug|Any CPU.ActiveCfg = Debug|Any CPU
		{20EE03B8-D406-4B0D-A333-CD5BFE715B2D}.Debug|Any CPU.Build.0 = Debug|Any CPU
		{20EE03B8-D406-4B0D-A333-CD5BFE715B2D}.Release|Any CPU.ActiveCfg = Release|Any CPU
		{20EE03B8-D406-4B0D-A333-CD5BFE715B2D}.Release|Any CPU.Build.0 = Release|Any CPU
	EndGlobalSection
	GlobalSection(SolutionProperties) = preSolution
		HideSolutionNode = FALSE
	EndGlobalSection
	GlobalSection(ExtensibilityGlobals) = postSolution
		SolutionGuid = {E4FDD039-90C5-464C-BF9E-89AAB0C51A9A}
	EndGlobalSection
EndGlobal
